
Microsoft Visual Studio Solution File, Format Version 12.00
# Visual Studio 2012
Project("{FAE04EC0-301F-11D3-BF4B-00C04F79EFBC}") = "BeerRun", "BeerRun\BeerRun.csproj", "{93DE59F6-630A-490A-A42E-A32AD151EF3E}"
EndProject
Project("{FAE04EC0-301F-11D3-BF4B-00C04F79EFBC}") = "BeerRun.UITests", "BeerRun.UITests\BeerRun.UITests.csproj", "{3059FCAE-104F-4506-9271-F02B63B24FAA}"
EndProject
Project("{FAE04EC0-301F-11D3-BF4B-00C04F79EFBC}") = "Implementation", "..\Implementation\Implementation\Implementation.csproj", "{36AF57D3-0AE0-4100-8177-6EEEF2EBCB82}"
EndProject
Global
	GlobalSection(SolutionConfigurationPlatforms) = preSolution
		Debug|Any CPU = Debug|Any CPU
		Release|Any CPU = Release|Any CPU
	EndGlobalSection
	GlobalSection(ProjectConfigurationPlatforms) = postSolution
		{3059FCAE-104F-4506-9271-F02B63B24FAA}.Debug|Any CPU.ActiveCfg = Debug|Any CPU
		{3059FCAE-104F-4506-9271-F02B63B24FAA}.Debug|Any CPU.Build.0 = Debug|Any CPU
		{3059FCAE-104F-4506-9271-F02B63B24FAA}.Release|Any CPU.ActiveCfg = Release|Any CPU
		{3059FCAE-104F-4506-9271-F02B63B24FAA}.Release|Any CPU.Build.0 = Release|Any CPU
		{36AF57D3-0AE0-4100-8177-6EEEF2EBCB82}.Debug|Any CPU.ActiveCfg = Debug|Any CPU
		{36AF57D3-0AE0-4100-8177-6EEEF2EBCB82}.Debug|Any CPU.Build.0 = Debug|Any CPU
		{36AF57D3-0AE0-4100-8177-6EEEF2EBCB82}.Release|Any CPU.ActiveCfg = Release|Any CPU
		{36AF57D3-0AE0-4100-8177-6EEEF2EBCB82}.Release|Any CPU.Build.0 = Release|Any CPU
		{93DE59F6-630A-490A-A42E-A32AD151EF3E}.Debug|Any CPU.ActiveCfg = Debug|Any CPU
		{93DE59F6-630A-490A-A42E-A32AD151EF3E}.Debug|Any CPU.Build.0 = Debug|Any CPU
		{93DE59F6-630A-490A-A42E-A32AD151EF3E}.Release|Any CPU.ActiveCfg = Release|Any CPU
		{93DE59F6-630A-490A-A42E-A32AD151EF3E}.Release|Any CPU.Build.0 = Release|Any CPU
	EndGlobalSection
EndGlobal
